
Microsoft Visual Studio Solution File, Format Version 12.00
# Visual Studio Version 17
VisualStudioVersion = 17.5.33530.505
MinimumVisualStudioVersion = 10.0.40219.1
Project("{FAE04EC0-301F-11D3-BF4B-00C04F79EFBC}") = "2.2 Iterationer", "2.2 Iterationer\2.2 Iterationer.csproj", "{79D318D0-BDEA-431F-BDDF-CF59A3AD064C}"
EndProject
Project("{FAE04EC0-301F-11D3-BF4B-00C04F79EFBC}") = "2.3 Tekst-filer", "2.3 Tekst-filer\2.3 Tekst-filer.csproj", "{BED25448-0675-4621-BF12-6C24D7184209}"
EndProject
Project("{FAE04EC0-301F-11D3-BF4B-00C04F79EFBC}") = "2.4 Arrays", "2.4 Arrays\2.4 Arrays.csproj", "{FAD10EF8-A0DB-42C0-88A7-0D8BE06B3591}"
EndProject
Project("{FAE04EC0-301F-11D3-BF4B-00C04F79EFBC}") = "2.5 Klasser", "2.5 Klasser\2.5 Klasser.csproj", "{08BFDC04-1337-4CE4-9AF7-13D113DF52EE}"
EndProject
Global
	GlobalSection(SolutionConfigurationPlatforms) = preSolution
		Debug|Any CPU = Debug|Any CPU
		Release|Any CPU = Release|Any CPU
	EndGlobalSection
	GlobalSection(ProjectConfigurationPlatforms) = postSolution
		{79D318D0-BDEA-431F-BDDF-CF59A3AD064C}.Debug|Any CPU.ActiveCfg = Debug|Any CPU
		{79D318D0-BDEA-431F-BDDF-CF59A3AD064C}.Debug|Any CPU.Build.0 = Debug|Any CPU
		{79D318D0-BDEA-431F-BDDF-CF59A3AD064C}.Release|Any CPU.ActiveCfg = Release|Any CPU
		{79D318D0-BDEA-431F-BDDF-CF59A3AD064C}.Release|Any CPU.Build.0 = Release|Any CPU
		{BED25448-0675-4621-BF12-6C24D7184209}.Debug|Any CPU.ActiveCfg = Debug|Any CPU
		{BED25448-0675-4621-BF12-6C24D7184209}.Debug|Any CPU.Build.0 = Debug|Any CPU
		{BED25448-0675-4621-BF12-6C24D7184209}.Release|Any CPU.ActiveCfg = Release|Any CPU
		{BED25448-0675-4621-BF12-6C24D7184209}.Release|Any CPU.Build.0 = Release|Any CPU
		{FAD10EF8-A0DB-42C0-88A7-0D8BE06B3591}.Debug|Any CPU.ActiveCfg = Debug|Any CPU
		{FAD10EF8-A0DB-42C0-88A7-0D8BE06B3591}.Debug|Any CPU.Build.0 = Debug|Any CPU
		{FAD10EF8-A0DB-42C0-88A7-0D8BE06B3591}.Release|Any CPU.ActiveCfg = Release|Any CPU
		{FAD10EF8-A0DB-42C0-88A7-0D8BE06B3591}.Release|Any CPU.Build.0 = Release|Any CPU
		{08BFDC04-1337-4CE4-9AF7-13D113DF52EE}.Debug|Any CPU.ActiveCfg = Debug|Any CPU
		{08BFDC04-1337-4CE4-9AF7-13D113DF52EE}.Debug|Any CPU.Build.0 = Debug|Any CPU
		{08BFDC04-1337-4CE4-9AF7-13D113DF52EE}.Release|Any CPU.ActiveCfg = Release|Any CPU
		{08BFDC04-1337-4CE4-9AF7-13D113DF52EE}.Release|Any CPU.Build.0 = Release|Any CPU
	EndGlobalSection
	GlobalSection(SolutionProperties) = preSolution
		HideSolutionNode = FALSE
	EndGlobalSection
	GlobalSection(ExtensibilityGlobals) = postSolution
		SolutionGuid = {5F120502-0132-4D04-8286-8934B2362DAD}
	EndGlobalSection
EndGlobal
