
Microsoft Visual Studio Solution File, Format Version 12.00
# Visual Studio Version 17
VisualStudioVersion = 17.4.33403.182
MinimumVisualStudioVersion = 10.0.40219.1
Project("{FAE04EC0-301F-11D3-BF4B-00C04F79EFBC}") = "2.2 Tekstfiler - Vægt", "2.2 Tekstfiler - Vægt\2.2 Tekstfiler - Vægt.csproj", "{08CED2E1-2D1B-4A97-B4B9-531A8B64AF22}"
EndProject
Project("{FAE04EC0-301F-11D3-BF4B-00C04F79EFBC}") = "2.3 Sport switch", "2.3 Sport switch\2.3 Sport switch.csproj", "{DBECEFD3-C6F7-4179-A4C1-B5F0435DF73E}"
EndProject
Project("{FAE04EC0-301F-11D3-BF4B-00C04F79EFBC}") = "2.4 Talrække - løkke", "2.4 Talrække - løkke\2.4 Talrække - løkke.csproj", "{C104C293-503E-404C-B1C3-346D64AFD81D}"
EndProject
Project("{FAE04EC0-301F-11D3-BF4B-00C04F79EFBC}") = "2.5 Pulstal", "2.5 Pulstal\2.5 Pulstal.csproj", "{57785C4C-1D9B-46A4-88DE-62CF19A91222}"
EndProject
Project("{FAE04EC0-301F-11D3-BF4B-00C04F79EFBC}") = "2.6 Bil klasse", "2.6 Bil klasse\2.6 Bil klasse.csproj", "{C0D3BE3C-369E-447B-8DCD-EC64BCB3BF70}"
EndProject
Global
	GlobalSection(SolutionConfigurationPlatforms) = preSolution
		Debug|Any CPU = Debug|Any CPU
		Release|Any CPU = Release|Any CPU
	EndGlobalSection
	GlobalSection(ProjectConfigurationPlatforms) = postSolution
		{08CED2E1-2D1B-4A97-B4B9-531A8B64AF22}.Debug|Any CPU.ActiveCfg = Debug|Any CPU
		{08CED2E1-2D1B-4A97-B4B9-531A8B64AF22}.Debug|Any CPU.Build.0 = Debug|Any CPU
		{08CED2E1-2D1B-4A97-B4B9-531A8B64AF22}.Release|Any CPU.ActiveCfg = Release|Any CPU
		{08CED2E1-2D1B-4A97-B4B9-531A8B64AF22}.Release|Any CPU.Build.0 = Release|Any CPU
		{DBECEFD3-C6F7-4179-A4C1-B5F0435DF73E}.Debug|Any CPU.ActiveCfg = Debug|Any CPU
		{DBECEFD3-C6F7-4179-A4C1-B5F0435DF73E}.Debug|Any CPU.Build.0 = Debug|Any CPU
		{DBECEFD3-C6F7-4179-A4C1-B5F0435DF73E}.Release|Any CPU.ActiveCfg = Release|Any CPU
		{DBECEFD3-C6F7-4179-A4C1-B5F0435DF73E}.Release|Any CPU.Build.0 = Release|Any CPU
		{C104C293-503E-404C-B1C3-346D64AFD81D}.Debug|Any CPU.ActiveCfg = Debug|Any CPU
		{C104C293-503E-404C-B1C3-346D64AFD81D}.Debug|Any CPU.Build.0 = Debug|Any CPU
		{C104C293-503E-404C-B1C3-346D64AFD81D}.Release|Any CPU.ActiveCfg = Release|Any CPU
		{C104C293-503E-404C-B1C3-346D64AFD81D}.Release|Any CPU.Build.0 = Release|Any CPU
		{57785C4C-1D9B-46A4-88DE-62CF19A91222}.Debug|Any CPU.ActiveCfg = Debug|Any CPU
		{57785C4C-1D9B-46A4-88DE-62CF19A91222}.Debug|Any CPU.Build.0 = Debug|Any CPU
		{57785C4C-1D9B-46A4-88DE-62CF19A91222}.Release|Any CPU.ActiveCfg = Release|Any CPU
		{57785C4C-1D9B-46A4-88DE-62CF19A91222}.Release|Any CPU.Build.0 = Release|Any CPU
		{C0D3BE3C-369E-447B-8DCD-EC64BCB3BF70}.Debug|Any CPU.ActiveCfg = Debug|Any CPU
		{C0D3BE3C-369E-447B-8DCD-EC64BCB3BF70}.Debug|Any CPU.Build.0 = Debug|Any CPU
		{C0D3BE3C-369E-447B-8DCD-EC64BCB3BF70}.Release|Any CPU.ActiveCfg = Release|Any CPU
		{C0D3BE3C-369E-447B-8DCD-EC64BCB3BF70}.Release|Any CPU.Build.0 = Release|Any CPU
	EndGlobalSection
	GlobalSection(SolutionProperties) = preSolution
		HideSolutionNode = FALSE
	EndGlobalSection
	GlobalSection(ExtensibilityGlobals) = postSolution
		SolutionGuid = {49B9F59F-B91B-4D07-AAD7-D21E8BACC233}
	EndGlobalSection
EndGlobal
