
Microsoft Visual Studio Solution File, Format Version 12.00
# Visual Studio Version 17
VisualStudioVersion = 17.4.33403.182
MinimumVisualStudioVersion = 10.0.40219.1
Project("{FAE04EC0-301F-11D3-BF4B-00C04F79EFBC}") = "2.2 Tekstfiler", "2.2 Tekstfiler\2.2 Tekstfiler.csproj", "{6FEEC2F1-09C3-4D47-AD1F-5531996FDCD4}"
EndProject
Global
	GlobalSection(SolutionConfigurationPlatforms) = preSolution
		Debug|Any CPU = Debug|Any CPU
		Release|Any CPU = Release|Any CPU
	EndGlobalSection
	GlobalSection(ProjectConfigurationPlatforms) = postSolution
		{6FEEC2F1-09C3-4D47-AD1F-5531996FDCD4}.Debug|Any CPU.ActiveCfg = Debug|Any CPU
		{6FEEC2F1-09C3-4D47-AD1F-5531996FDCD4}.Debug|Any CPU.Build.0 = Debug|Any CPU
		{6FEEC2F1-09C3-4D47-AD1F-5531996FDCD4}.Release|Any CPU.ActiveCfg = Release|Any CPU
		{6FEEC2F1-09C3-4D47-AD1F-5531996FDCD4}.Release|Any CPU.Build.0 = Release|Any CPU
	EndGlobalSection
	GlobalSection(SolutionProperties) = preSolution
		HideSolutionNode = FALSE
	EndGlobalSection
	GlobalSection(ExtensibilityGlobals) = postSolution
		SolutionGuid = {E3C672D7-DE46-4161-8CEE-CA2521772CD2}
	EndGlobalSection
EndGlobal
