
Microsoft Visual Studio Solution File, Format Version 12.00
# Visual Studio Version 17
VisualStudioVersion = 17.5.33530.505
MinimumVisualStudioVersion = 10.0.40219.1
Project("{FAE04EC0-301F-11D3-BF4B-00C04F79EFBC}") = "2.1 Input Output", "2.1 Input Output\2.1 Input Output.csproj", "{F8871575-CB4E-403D-AE5D-E14A59528C65}"
EndProject
Project("{FAE04EC0-301F-11D3-BF4B-00C04F79EFBC}") = "2.2 Tekstfiler", "2.2 Tekstfiler\2.2 Tekstfiler.csproj", "{A4A76D45-7DB4-4376-A00D-FF3A19DD1277}"
EndProject
Project("{FAE04EC0-301F-11D3-BF4B-00C04F79EFBC}") = "2.3 Forsikringsbranchen", "2.3 Forsikringsbranchen\2.3 Forsikringsbranchen.csproj", "{50503FC8-5803-4C0E-9D52-21B0A52309A2}"
EndProject
Project("{FAE04EC0-301F-11D3-BF4B-00C04F79EFBC}") = "2.4 Løkker", "2.4 Løkker\2.4 Løkker.csproj", "{517B5131-428B-44BE-A66B-2A678B75A7AE}"
EndProject
Project("{FAE04EC0-301F-11D3-BF4B-00C04F79EFBC}") = "2.5 FindPosition metode", "2.5 FindPosition metode\2.5 FindPosition metode.csproj", "{339A90A2-9D2F-438B-986C-0BA39066EFFB}"
EndProject
Project("{FAE04EC0-301F-11D3-BF4B-00C04F79EFBC}") = "2.6 Ansat klasse", "2.6 Ansat klasse\2.6 Ansat klasse.csproj", "{BED2A6E5-AB92-47CA-8269-833DE53B89BA}"
EndProject
Global
	GlobalSection(SolutionConfigurationPlatforms) = preSolution
		Debug|Any CPU = Debug|Any CPU
		Release|Any CPU = Release|Any CPU
	EndGlobalSection
	GlobalSection(ProjectConfigurationPlatforms) = postSolution
		{F8871575-CB4E-403D-AE5D-E14A59528C65}.Debug|Any CPU.ActiveCfg = Debug|Any CPU
		{F8871575-CB4E-403D-AE5D-E14A59528C65}.Debug|Any CPU.Build.0 = Debug|Any CPU
		{F8871575-CB4E-403D-AE5D-E14A59528C65}.Release|Any CPU.ActiveCfg = Release|Any CPU
		{F8871575-CB4E-403D-AE5D-E14A59528C65}.Release|Any CPU.Build.0 = Release|Any CPU
		{A4A76D45-7DB4-4376-A00D-FF3A19DD1277}.Debug|Any CPU.ActiveCfg = Debug|Any CPU
		{A4A76D45-7DB4-4376-A00D-FF3A19DD1277}.Debug|Any CPU.Build.0 = Debug|Any CPU
		{A4A76D45-7DB4-4376-A00D-FF3A19DD1277}.Release|Any CPU.ActiveCfg = Release|Any CPU
		{A4A76D45-7DB4-4376-A00D-FF3A19DD1277}.Release|Any CPU.Build.0 = Release|Any CPU
		{50503FC8-5803-4C0E-9D52-21B0A52309A2}.Debug|Any CPU.ActiveCfg = Debug|Any CPU
		{50503FC8-5803-4C0E-9D52-21B0A52309A2}.Debug|Any CPU.Build.0 = Debug|Any CPU
		{50503FC8-5803-4C0E-9D52-21B0A52309A2}.Release|Any CPU.ActiveCfg = Release|Any CPU
		{50503FC8-5803-4C0E-9D52-21B0A52309A2}.Release|Any CPU.Build.0 = Release|Any CPU
		{517B5131-428B-44BE-A66B-2A678B75A7AE}.Debug|Any CPU.ActiveCfg = Debug|Any CPU
		{517B5131-428B-44BE-A66B-2A678B75A7AE}.Debug|Any CPU.Build.0 = Debug|Any CPU
		{517B5131-428B-44BE-A66B-2A678B75A7AE}.Release|Any CPU.ActiveCfg = Release|Any CPU
		{517B5131-428B-44BE-A66B-2A678B75A7AE}.Release|Any CPU.Build.0 = Release|Any CPU
		{339A90A2-9D2F-438B-986C-0BA39066EFFB}.Debug|Any CPU.ActiveCfg = Debug|Any CPU
		{339A90A2-9D2F-438B-986C-0BA39066EFFB}.Debug|Any CPU.Build.0 = Debug|Any CPU
		{339A90A2-9D2F-438B-986C-0BA39066EFFB}.Release|Any CPU.ActiveCfg = Release|Any CPU
		{339A90A2-9D2F-438B-986C-0BA39066EFFB}.Release|Any CPU.Build.0 = Release|Any CPU
		{BED2A6E5-AB92-47CA-8269-833DE53B89BA}.Debug|Any CPU.ActiveCfg = Debug|Any CPU
		{BED2A6E5-AB92-47CA-8269-833DE53B89BA}.Debug|Any CPU.Build.0 = Debug|Any CPU
		{BED2A6E5-AB92-47CA-8269-833DE53B89BA}.Release|Any CPU.ActiveCfg = Release|Any CPU
		{BED2A6E5-AB92-47CA-8269-833DE53B89BA}.Release|Any CPU.Build.0 = Release|Any CPU
	EndGlobalSection
	GlobalSection(SolutionProperties) = preSolution
		HideSolutionNode = FALSE
	EndGlobalSection
	GlobalSection(ExtensibilityGlobals) = postSolution
		SolutionGuid = {83572032-47A3-4C15-A31B-D229619EAF3E}
	EndGlobalSection
EndGlobal
