
Microsoft Visual Studio Solution File, Format Version 12.00
# Visual Studio Version 17
VisualStudioVersion = 17.5.33530.505
MinimumVisualStudioVersion = 10.0.40219.1
Project("{FAE04EC0-301F-11D3-BF4B-00C04F79EFBC}") = "2.1 Input Output", "2.1 Input Output\2.1 Input Output.csproj", "{F8871575-CB4E-403D-AE5D-E14A59528C65}"
EndProject
Global
	GlobalSection(SolutionConfigurationPlatforms) = preSolution
		Debug|Any CPU = Debug|Any CPU
		Release|Any CPU = Release|Any CPU
	EndGlobalSection
	GlobalSection(ProjectConfigurationPlatforms) = postSolution
		{F8871575-CB4E-403D-AE5D-E14A59528C65}.Debug|Any CPU.ActiveCfg = Debug|Any CPU
		{F8871575-CB4E-403D-AE5D-E14A59528C65}.Debug|Any CPU.Build.0 = Debug|Any CPU
		{F8871575-CB4E-403D-AE5D-E14A59528C65}.Release|Any CPU.ActiveCfg = Release|Any CPU
		{F8871575-CB4E-403D-AE5D-E14A59528C65}.Release|Any CPU.Build.0 = Release|Any CPU
	EndGlobalSection
	GlobalSection(SolutionProperties) = preSolution
		HideSolutionNode = FALSE
	EndGlobalSection
	GlobalSection(ExtensibilityGlobals) = postSolution
		SolutionGuid = {83572032-47A3-4C15-A31B-D229619EAF3E}
	EndGlobalSection
EndGlobal
