
Microsoft Visual Studio Solution File, Format Version 12.00
# Visual Studio Version 17
VisualStudioVersion = 17.4.33403.182
MinimumVisualStudioVersion = 10.0.40219.1
Project("{FAE04EC0-301F-11D3-BF4B-00C04F79EFBC}") = "2.2 Iterationer", "2.2 Iterationer\2.2 Iterationer.csproj", "{0BF39CBE-919B-4759-96B4-C0113F467336}"
EndProject
Project("{FAE04EC0-301F-11D3-BF4B-00C04F79EFBC}") = "2.3 Tekst-filer", "2.3 Tekst-filer\2.3 Tekst-filer.csproj", "{CC7DA260-0904-437A-908A-52B56D07CEF6}"
EndProject
Global
	GlobalSection(SolutionConfigurationPlatforms) = preSolution
		Debug|Any CPU = Debug|Any CPU
		Release|Any CPU = Release|Any CPU
	EndGlobalSection
	GlobalSection(ProjectConfigurationPlatforms) = postSolution
		{0BF39CBE-919B-4759-96B4-C0113F467336}.Debug|Any CPU.ActiveCfg = Debug|Any CPU
		{0BF39CBE-919B-4759-96B4-C0113F467336}.Debug|Any CPU.Build.0 = Debug|Any CPU
		{0BF39CBE-919B-4759-96B4-C0113F467336}.Release|Any CPU.ActiveCfg = Release|Any CPU
		{0BF39CBE-919B-4759-96B4-C0113F467336}.Release|Any CPU.Build.0 = Release|Any CPU
		{CC7DA260-0904-437A-908A-52B56D07CEF6}.Debug|Any CPU.ActiveCfg = Debug|Any CPU
		{CC7DA260-0904-437A-908A-52B56D07CEF6}.Debug|Any CPU.Build.0 = Debug|Any CPU
		{CC7DA260-0904-437A-908A-52B56D07CEF6}.Release|Any CPU.ActiveCfg = Release|Any CPU
		{CC7DA260-0904-437A-908A-52B56D07CEF6}.Release|Any CPU.Build.0 = Release|Any CPU
	EndGlobalSection
	GlobalSection(SolutionProperties) = preSolution
		HideSolutionNode = FALSE
	EndGlobalSection
	GlobalSection(ExtensibilityGlobals) = postSolution
		SolutionGuid = {8E537F4F-3E46-48A0-8E0C-DF4E350EF013}
	EndGlobalSection
EndGlobal
